
Microsoft Visual Studio Solution File, Format Version 12.00
# Visual Studio Version 17
VisualStudioVersion = 17.5.002.0
MinimumVisualStudioVersion = 10.0.40219.1
Project("{9A19103F-16F7-4668-BE54-9A1E7A4F7556}") = "HelloWorldFromVSCode", "HelloWorldFromVSCode.csproj", "{80003586-7308-4984-A52A-BE68ADEC7028}"
EndProject
Global
	GlobalSection(SolutionConfigurationPlatforms) = preSolution
		Debug|Any CPU = Debug|Any CPU
		Release|Any CPU = Release|Any CPU
	EndGlobalSection
	GlobalSection(ProjectConfigurationPlatforms) = postSolution
		{80003586-7308-4984-A52A-BE68ADEC7028}.Debug|Any CPU.ActiveCfg = Debug|Any CPU
		{80003586-7308-4984-A52A-BE68ADEC7028}.Debug|Any CPU.Build.0 = Debug|Any CPU
		{80003586-7308-4984-A52A-BE68ADEC7028}.Release|Any CPU.ActiveCfg = Release|Any CPU
		{80003586-7308-4984-A52A-BE68ADEC7028}.Release|Any CPU.Build.0 = Release|Any CPU
	EndGlobalSection
	GlobalSection(SolutionProperties) = preSolution
		HideSolutionNode = FALSE
	EndGlobalSection
	GlobalSection(ExtensibilityGlobals) = postSolution
		SolutionGuid = {E11A4C44-8E1D-47D1-959D-257F46A3FC81}
	EndGlobalSection
EndGlobal
